// !$*UTF8*$!
{
	archiveVersion = 1;
	classes = {
	};
	objectVersion = 46;
	objects = {

/* Begin PBXAggregateTarget section */
		"firebolt::FireboltSwiftPackageTests::ProductTarget" /* FireboltSwiftPackageTests */ = {
			isa = PBXAggregateTarget;
			buildConfigurationList = OBJ_67 /* Build configuration list for PBXAggregateTarget "FireboltSwiftPackageTests" */;
			buildPhases = (
			);
			dependencies = (
				OBJ_70 /* PBXTargetDependency */,
			);
			name = FireboltSwiftPackageTests;
			productName = FireboltSwiftPackageTests;
		};
/* End PBXAggregateTarget section */

/* Begin PBXBuildFile section */
		OBJ_43 /* SwiftResolverError.swift in Sources */ = {isa = PBXBuildFile; fileRef = OBJ_10 /* SwiftResolverError.swift */; };
		OBJ_44 /* Resolver+Composable.swift in Sources */ = {isa = PBXBuildFile; fileRef = OBJ_12 /* Resolver+Composable.swift */; };
		OBJ_45 /* Resolver+Get.swift in Sources */ = {isa = PBXBuildFile; fileRef = OBJ_13 /* Resolver+Get.swift */; };
		OBJ_46 /* Resolver+Register.swift in Sources */ = {isa = PBXBuildFile; fileRef = OBJ_14 /* Resolver+Register.swift */; };
		OBJ_47 /* String+Extension.swift in Sources */ = {isa = PBXBuildFile; fileRef = OBJ_15 /* String+Extension.swift */; };
		OBJ_48 /* Firebolt.swift in Sources */ = {isa = PBXBuildFile; fileRef = OBJ_16 /* Firebolt.swift */; };
		OBJ_49 /* Typealias.swift in Sources */ = {isa = PBXBuildFile; fileRef = OBJ_18 /* Typealias.swift */; };
		OBJ_50 /* ResolverProtocol.swift in Sources */ = {isa = PBXBuildFile; fileRef = OBJ_20 /* ResolverProtocol.swift */; };
		OBJ_51 /* Resolver.swift in Sources */ = {isa = PBXBuildFile; fileRef = OBJ_21 /* Resolver.swift */; };
		OBJ_52 /* GlobalResolver.swift in Sources */ = {isa = PBXBuildFile; fileRef = OBJ_23 /* GlobalResolver.swift */; };
		OBJ_53 /* MockResolver.swift in Sources */ = {isa = PBXBuildFile; fileRef = OBJ_24 /* MockResolver.swift */; };
		OBJ_54 /* Box.swift in Sources */ = {isa = PBXBuildFile; fileRef = OBJ_26 /* Box.swift */; };
		OBJ_55 /* Get.swift in Sources */ = {isa = PBXBuildFile; fileRef = OBJ_27 /* Get.swift */; };
		OBJ_56 /* InstanceProtocol.swift in Sources */ = {isa = PBXBuildFile; fileRef = OBJ_28 /* InstanceProtocol.swift */; };
		OBJ_57 /* Logger.swift in Sources */ = {isa = PBXBuildFile; fileRef = OBJ_29 /* Logger.swift */; };
		OBJ_58 /* MemoryAddress.swift in Sources */ = {isa = PBXBuildFile; fileRef = OBJ_30 /* MemoryAddress.swift */; };
		OBJ_76 /* SwiftResolverTests.swift in Sources */ = {isa = PBXBuildFile; fileRef = OBJ_33 /* SwiftResolverTests.swift */; };
		OBJ_77 /* TestClasses.swift in Sources */ = {isa = PBXBuildFile; fileRef = OBJ_34 /* TestClasses.swift */; };
		OBJ_79 /* FireboltSwift.framework in Frameworks */ = {isa = PBXBuildFile; fileRef = "firebolt::FireboltSwift::Product" /* FireboltSwift.framework */; };
/* End PBXBuildFile section */

/* Begin PBXContainerItemProxy section */
		5156A77A2913CA950006C65E /* PBXContainerItemProxy */ = {
			isa = PBXContainerItemProxy;
			containerPortal = OBJ_1 /* Project object */;
			proxyType = 1;
			remoteGlobalIDString = "firebolt::FireboltSwift";
			remoteInfo = FireboltSwift;
		};
		5156A77B2913CA950006C65E /* PBXContainerItemProxy */ = {
			isa = PBXContainerItemProxy;
			containerPortal = OBJ_1 /* Project object */;
			proxyType = 1;
			remoteGlobalIDString = "firebolt::FireboltTests";
			remoteInfo = FireboltTests;
		};
/* End PBXContainerItemProxy section */

/* Begin PBXFileReference section */
		OBJ_10 /* SwiftResolverError.swift */ = {isa = PBXFileReference; lastKnownFileType = sourcecode.swift; path = SwiftResolverError.swift; sourceTree = "<group>"; };
		OBJ_12 /* Resolver+Composable.swift */ = {isa = PBXFileReference; lastKnownFileType = sourcecode.swift; path = "Resolver+Composable.swift"; sourceTree = "<group>"; };
		OBJ_13 /* Resolver+Get.swift */ = {isa = PBXFileReference; lastKnownFileType = sourcecode.swift; path = "Resolver+Get.swift"; sourceTree = "<group>"; };
		OBJ_14 /* Resolver+Register.swift */ = {isa = PBXFileReference; lastKnownFileType = sourcecode.swift; path = "Resolver+Register.swift"; sourceTree = "<group>"; };
		OBJ_15 /* String+Extension.swift */ = {isa = PBXFileReference; lastKnownFileType = sourcecode.swift; path = "String+Extension.swift"; sourceTree = "<group>"; };
		OBJ_16 /* Firebolt.swift */ = {isa = PBXFileReference; lastKnownFileType = sourcecode.swift; path = Firebolt.swift; sourceTree = "<group>"; };
		OBJ_18 /* Typealias.swift */ = {isa = PBXFileReference; lastKnownFileType = sourcecode.swift; path = Typealias.swift; sourceTree = "<group>"; };
		OBJ_20 /* ResolverProtocol.swift */ = {isa = PBXFileReference; lastKnownFileType = sourcecode.swift; path = ResolverProtocol.swift; sourceTree = "<group>"; };
		OBJ_21 /* Resolver.swift */ = {isa = PBXFileReference; lastKnownFileType = sourcecode.swift; path = Resolver.swift; sourceTree = "<group>"; };
		OBJ_23 /* GlobalResolver.swift */ = {isa = PBXFileReference; lastKnownFileType = sourcecode.swift; path = GlobalResolver.swift; sourceTree = "<group>"; };
		OBJ_24 /* MockResolver.swift */ = {isa = PBXFileReference; lastKnownFileType = sourcecode.swift; path = MockResolver.swift; sourceTree = "<group>"; };
		OBJ_26 /* Box.swift */ = {isa = PBXFileReference; lastKnownFileType = sourcecode.swift; path = Box.swift; sourceTree = "<group>"; };
		OBJ_27 /* Get.swift */ = {isa = PBXFileReference; lastKnownFileType = sourcecode.swift; path = Get.swift; sourceTree = "<group>"; };
		OBJ_28 /* InstanceProtocol.swift */ = {isa = PBXFileReference; lastKnownFileType = sourcecode.swift; path = InstanceProtocol.swift; sourceTree = "<group>"; };
		OBJ_29 /* Logger.swift */ = {isa = PBXFileReference; lastKnownFileType = sourcecode.swift; path = Logger.swift; sourceTree = "<group>"; };
		OBJ_30 /* MemoryAddress.swift */ = {isa = PBXFileReference; lastKnownFileType = sourcecode.swift; path = MemoryAddress.swift; sourceTree = "<group>"; };
		OBJ_33 /* SwiftResolverTests.swift */ = {isa = PBXFileReference; lastKnownFileType = sourcecode.swift; path = SwiftResolverTests.swift; sourceTree = "<group>"; };
		OBJ_34 /* TestClasses.swift */ = {isa = PBXFileReference; lastKnownFileType = sourcecode.swift; path = TestClasses.swift; sourceTree = "<group>"; };
		OBJ_6 /* Package.swift */ = {isa = PBXFileReference; explicitFileType = sourcecode.swift; path = Package.swift; sourceTree = "<group>"; };
		"firebolt::FireboltSwift::Product" /* FireboltSwift.framework */ = {isa = PBXFileReference; explicitFileType = wrapper.framework; path = FireboltSwift.framework; sourceTree = BUILT_PRODUCTS_DIR; };
		"firebolt::FireboltTests::Product" /* FireboltTests.xctest */ = {isa = PBXFileReference; lastKnownFileType = file; path = FireboltTests.xctest; sourceTree = BUILT_PRODUCTS_DIR; };
/* End PBXFileReference section */

/* Begin PBXFrameworksBuildPhase section */
		OBJ_59 /* Frameworks */ = {
			isa = PBXFrameworksBuildPhase;
			buildActionMask = 0;
			files = (
			);
			runOnlyForDeploymentPostprocessing = 0;
		};
		OBJ_78 /* Frameworks */ = {
			isa = PBXFrameworksBuildPhase;
			buildActionMask = 0;
			files = (
				OBJ_79 /* FireboltSwift.framework in Frameworks */,
			);
			runOnlyForDeploymentPostprocessing = 0;
		};
/* End PBXFrameworksBuildPhase section */

/* Begin PBXGroup section */
		OBJ_11 /* Extension */ = {
			isa = PBXGroup;
			children = (
				OBJ_12 /* Resolver+Composable.swift */,
				OBJ_13 /* Resolver+Get.swift */,
				OBJ_14 /* Resolver+Register.swift */,
				OBJ_15 /* String+Extension.swift */,
			);
			path = Extension;
			sourceTree = "<group>";
		};
		OBJ_17 /* Helper */ = {
			isa = PBXGroup;
			children = (
				OBJ_18 /* Typealias.swift */,
			);
			path = Helper;
			sourceTree = "<group>";
		};
		OBJ_19 /* Protocol */ = {
			isa = PBXGroup;
			children = (
				OBJ_20 /* ResolverProtocol.swift */,
			);
			path = Protocol;
			sourceTree = "<group>";
		};
		OBJ_22 /* Subclass */ = {
			isa = PBXGroup;
			children = (
				OBJ_23 /* GlobalResolver.swift */,
				OBJ_24 /* MockResolver.swift */,
			);
			path = Subclass;
			sourceTree = "<group>";
		};
		OBJ_25 /* Utility */ = {
			isa = PBXGroup;
			children = (
				OBJ_26 /* Box.swift */,
				OBJ_27 /* Get.swift */,
				OBJ_28 /* InstanceProtocol.swift */,
				OBJ_29 /* Logger.swift */,
				OBJ_30 /* MemoryAddress.swift */,
			);
			path = Utility;
			sourceTree = "<group>";
		};
		OBJ_31 /* Tests */ = {
			isa = PBXGroup;
			children = (
				OBJ_32 /* FireboltTests */,
			);
			name = Tests;
			sourceTree = SOURCE_ROOT;
		};
		OBJ_32 /* FireboltTests */ = {
			isa = PBXGroup;
			children = (
				OBJ_33 /* SwiftResolverTests.swift */,
				OBJ_34 /* TestClasses.swift */,
			);
			name = FireboltTests;
			path = Tests/FireboltTests;
			sourceTree = SOURCE_ROOT;
		};
		OBJ_35 /* Products */ = {
			isa = PBXGroup;
			children = (
				"firebolt::FireboltSwift::Product" /* FireboltSwift.framework */,
				"firebolt::FireboltTests::Product" /* FireboltTests.xctest */,
			);
			name = Products;
			sourceTree = BUILT_PRODUCTS_DIR;
		};
		OBJ_5 = {
			isa = PBXGroup;
			children = (
				OBJ_6 /* Package.swift */,
				OBJ_7 /* Sources */,
				OBJ_31 /* Tests */,
				OBJ_35 /* Products */,
			);
			sourceTree = "<group>";
		};
		OBJ_7 /* Sources */ = {
			isa = PBXGroup;
			children = (
				OBJ_8 /* FireboltSwift */,
			);
			name = Sources;
			sourceTree = SOURCE_ROOT;
		};
		OBJ_8 /* FireboltSwift */ = {
			isa = PBXGroup;
			children = (
				OBJ_9 /* Error */,
				OBJ_11 /* Extension */,
				OBJ_16 /* Firebolt.swift */,
				OBJ_17 /* Helper */,
				OBJ_19 /* Protocol */,
				OBJ_21 /* Resolver.swift */,
				OBJ_22 /* Subclass */,
				OBJ_25 /* Utility */,
			);
			name = FireboltSwift;
			path = Sources/FireboltSwift;
			sourceTree = SOURCE_ROOT;
		};
		OBJ_9 /* Error */ = {
			isa = PBXGroup;
			children = (
				OBJ_10 /* SwiftResolverError.swift */,
			);
			path = Error;
			sourceTree = "<group>";
		};
/* End PBXGroup section */

/* Begin PBXNativeTarget section */
		"firebolt::FireboltSwift" /* FireboltSwift */ = {
			isa = PBXNativeTarget;
			buildConfigurationList = OBJ_39 /* Build configuration list for PBXNativeTarget "FireboltSwift" */;
			buildPhases = (
				OBJ_42 /* Sources */,
				OBJ_59 /* Frameworks */,
			);
			buildRules = (
			);
			dependencies = (
			);
			name = FireboltSwift;
			productName = FireboltSwift;
			productReference = "firebolt::FireboltSwift::Product" /* FireboltSwift.framework */;
			productType = "com.apple.product-type.framework";
		};
		"firebolt::FireboltTests" /* FireboltTests */ = {
			isa = PBXNativeTarget;
			buildConfigurationList = OBJ_72 /* Build configuration list for PBXNativeTarget "FireboltTests" */;
			buildPhases = (
				OBJ_75 /* Sources */,
				OBJ_78 /* Frameworks */,
			);
			buildRules = (
			);
			dependencies = (
				OBJ_80 /* PBXTargetDependency */,
			);
			name = FireboltTests;
			productName = FireboltTests;
			productReference = "firebolt::FireboltTests::Product" /* FireboltTests.xctest */;
			productType = "com.apple.product-type.bundle.unit-test";
		};
		"firebolt::SwiftPMPackageDescription" /* FireboltSwiftPackageDescription */ = {
			isa = PBXNativeTarget;
			buildConfigurationList = OBJ_61 /* Build configuration list for PBXNativeTarget "FireboltSwiftPackageDescription" */;
			buildPhases = (
				OBJ_64 /* Sources */,
			);
			buildRules = (
			);
			dependencies = (
			);
			name = FireboltSwiftPackageDescription;
			productName = FireboltSwiftPackageDescription;
			productType = "com.apple.product-type.framework";
		};
/* End PBXNativeTarget section */

/* Begin PBXProject section */
		OBJ_1 /* Project object */ = {
			isa = PBXProject;
			attributes = {
				LastSwiftMigration = 9999;
				LastUpgradeCheck = 9999;
			};
			buildConfigurationList = OBJ_2 /* Build configuration list for PBXProject "FireboltSwift" */;
			compatibilityVersion = "Xcode 3.2";
			developmentRegion = en;
			hasScannedForEncodings = 0;
			knownRegions = (
				en,
			);
			mainGroup = OBJ_5;
			productRefGroup = OBJ_35 /* Products */;
			projectDirPath = "";
			projectRoot = "";
			targets = (
				"firebolt::FireboltSwift" /* FireboltSwift */,
				"firebolt::SwiftPMPackageDescription" /* FireboltSwiftPackageDescription */,
				"firebolt::FireboltSwiftPackageTests::ProductTarget" /* FireboltSwiftPackageTests */,
				"firebolt::FireboltTests" /* FireboltTests */,
			);
		};
/* End PBXProject section */

/* Begin PBXSourcesBuildPhase section */
		OBJ_42 /* Sources */ = {
			isa = PBXSourcesBuildPhase;
			buildActionMask = 0;
			files = (
				OBJ_43 /* SwiftResolverError.swift in Sources */,
				OBJ_44 /* Resolver+Composable.swift in Sources */,
				OBJ_45 /* Resolver+Get.swift in Sources */,
				OBJ_46 /* Resolver+Register.swift in Sources */,
				OBJ_47 /* String+Extension.swift in Sources */,
				OBJ_48 /* Firebolt.swift in Sources */,
				OBJ_49 /* Typealias.swift in Sources */,
				OBJ_50 /* ResolverProtocol.swift in Sources */,
				OBJ_51 /* Resolver.swift in Sources */,
				OBJ_52 /* GlobalResolver.swift in Sources */,
				OBJ_53 /* MockResolver.swift in Sources */,
				OBJ_54 /* Box.swift in Sources */,
				OBJ_55 /* Get.swift in Sources */,
				OBJ_56 /* InstanceProtocol.swift in Sources */,
				OBJ_57 /* Logger.swift in Sources */,
				OBJ_58 /* MemoryAddress.swift in Sources */,
			);
			runOnlyForDeploymentPostprocessing = 0;
		};
		OBJ_64 /* Sources */ = {
			isa = PBXSourcesBuildPhase;
			buildActionMask = 0;
			files = (
			);
			runOnlyForDeploymentPostprocessing = 0;
		};
		OBJ_75 /* Sources */ = {
			isa = PBXSourcesBuildPhase;
			buildActionMask = 0;
			files = (
				OBJ_76 /* SwiftResolverTests.swift in Sources */,
				OBJ_77 /* TestClasses.swift in Sources */,
			);
			runOnlyForDeploymentPostprocessing = 0;
		};
/* End PBXSourcesBuildPhase section */

/* Begin PBXTargetDependency section */
		OBJ_70 /* PBXTargetDependency */ = {
			isa = PBXTargetDependency;
			target = "firebolt::FireboltTests" /* FireboltTests */;
			targetProxy = 5156A77B2913CA950006C65E /* PBXContainerItemProxy */;
		};
		OBJ_80 /* PBXTargetDependency */ = {
			isa = PBXTargetDependency;
			target = "firebolt::FireboltSwift" /* FireboltSwift */;
			targetProxy = 5156A77A2913CA950006C65E /* PBXContainerItemProxy */;
		};
/* End PBXTargetDependency section */

/* Begin XCBuildConfiguration section */
		OBJ_3 /* Debug */ = {
			isa = XCBuildConfiguration;
			buildSettings = {
				CLANG_ENABLE_OBJC_ARC = YES;
				COMBINE_HIDPI_IMAGES = YES;
				COPY_PHASE_STRIP = NO;
				DEBUG_INFORMATION_FORMAT = dwarf;
				DYLIB_INSTALL_NAME_BASE = "@rpath";
				ENABLE_NS_ASSERTIONS = YES;
				GCC_OPTIMIZATION_LEVEL = 0;
				GCC_PREPROCESSOR_DEFINITIONS = (
					"$(inherited)",
					"SWIFT_PACKAGE=1",
					"DEBUG=1",
				);
				MACOSX_DEPLOYMENT_TARGET = 10.10;
				ONLY_ACTIVE_ARCH = YES;
				OTHER_SWIFT_FLAGS = "$(inherited) -DXcode";
				PRODUCT_NAME = "$(TARGET_NAME)";
				SDKROOT = macosx;
				SUPPORTED_PLATFORMS = "$(AVAILABLE_PLATFORMS)";
				SUPPORTS_MACCATALYST = YES;
				SWIFT_ACTIVE_COMPILATION_CONDITIONS = "$(inherited) SWIFT_PACKAGE DEBUG";
				SWIFT_OPTIMIZATION_LEVEL = "-Onone";
				USE_HEADERMAP = NO;
			};
			name = Debug;
		};
		OBJ_4 /* Release */ = {
			isa = XCBuildConfiguration;
			buildSettings = {
				CLANG_ENABLE_OBJC_ARC = YES;
				COMBINE_HIDPI_IMAGES = YES;
				COPY_PHASE_STRIP = YES;
				DEBUG_INFORMATION_FORMAT = "dwarf-with-dsym";
				DYLIB_INSTALL_NAME_BASE = "@rpath";
				GCC_OPTIMIZATION_LEVEL = s;
				GCC_PREPROCESSOR_DEFINITIONS = (
					"$(inherited)",
					"SWIFT_PACKAGE=1",
				);
				MACOSX_DEPLOYMENT_TARGET = 10.10;
				OTHER_SWIFT_FLAGS = "$(inherited) -DXcode";
				PRODUCT_NAME = "$(TARGET_NAME)";
				SDKROOT = macosx;
				SUPPORTED_PLATFORMS = "$(AVAILABLE_PLATFORMS)";
				SUPPORTS_MACCATALYST = YES;
				SWIFT_ACTIVE_COMPILATION_CONDITIONS = "$(inherited) SWIFT_PACKAGE";
				SWIFT_OPTIMIZATION_LEVEL = "-Owholemodule";
				USE_HEADERMAP = NO;
			};
			name = Release;
		};
		OBJ_40 /* Debug */ = {
			isa = XCBuildConfiguration;
			buildSettings = {
				CURRENT_PROJECT_VERSION = 1;
				DRIVERKIT_DEPLOYMENT_TARGET = 21.0;
				ENABLE_TESTABILITY = YES;
				FRAMEWORK_SEARCH_PATHS = (
					"$(inherited)",
					"$(PLATFORM_DIR)/Developer/Library/Frameworks",
				);
				HEADER_SEARCH_PATHS = "$(inherited)";
				INFOPLIST_FILE = FireboltSwift.xcodeproj/FireboltSwift_Info.plist;
				IPHONEOS_DEPLOYMENT_TARGET = 13.0;
				LD_RUNPATH_SEARCH_PATHS = "$(inherited) $(TOOLCHAIN_DIR)/usr/lib/swift/macosx";
				MACOSX_DEPLOYMENT_TARGET = 10.13;
				OTHER_CFLAGS = "$(inherited)";
				OTHER_LDFLAGS = "$(inherited)";
				OTHER_SWIFT_FLAGS = "$(inherited)";
				PRODUCT_BUNDLE_IDENTIFIER = FireboltSwift;
				PRODUCT_MODULE_NAME = "$(TARGET_NAME:c99extidentifier)";
				PRODUCT_NAME = "$(TARGET_NAME:c99extidentifier)";
				SKIP_INSTALL = YES;
				SUPPORTED_PLATFORMS = "appletvos appletvsimulator iphoneos iphonesimulator macosx watchos watchsimulator";
				SUPPORTS_MACCATALYST = YES;
				SUPPORTS_MAC_DESIGNED_FOR_IPHONE_IPAD = NO;
				SWIFT_ACTIVE_COMPILATION_CONDITIONS = "$(inherited)";
				SWIFT_VERSION = 5.0;
				TARGETED_DEVICE_FAMILY = "1,3,4";
				TARGET_NAME = FireboltSwift;
				TVOS_DEPLOYMENT_TARGET = 13.0;
				WATCHOS_DEPLOYMENT_TARGET = 6.0;
			};
			name = Debug;
		};
		OBJ_41 /* Release */ = {
			isa = XCBuildConfiguration;
			buildSettings = {
				CURRENT_PROJECT_VERSION = 1;
				DRIVERKIT_DEPLOYMENT_TARGET = 21.0;
				ENABLE_TESTABILITY = YES;
				FRAMEWORK_SEARCH_PATHS = (
					"$(inherited)",
					"$(PLATFORM_DIR)/Developer/Library/Frameworks",
				);
				HEADER_SEARCH_PATHS = "$(inherited)";
				INFOPLIST_FILE = FireboltSwift.xcodeproj/FireboltSwift_Info.plist;
				IPHONEOS_DEPLOYMENT_TARGET = 13.0;
				LD_RUNPATH_SEARCH_PATHS = "$(inherited) $(TOOLCHAIN_DIR)/usr/lib/swift/macosx";
				MACOSX_DEPLOYMENT_TARGET = 10.13;
				OTHER_CFLAGS = "$(inherited)";
				OTHER_LDFLAGS = "$(inherited)";
				OTHER_SWIFT_FLAGS = "$(inherited)";
				PRODUCT_BUNDLE_IDENTIFIER = FireboltSwift;
				PRODUCT_MODULE_NAME = "$(TARGET_NAME:c99extidentifier)";
				PRODUCT_NAME = "$(TARGET_NAME:c99extidentifier)";
				SKIP_INSTALL = YES;
				SUPPORTED_PLATFORMS = "appletvos appletvsimulator iphoneos iphonesimulator macosx watchos watchsimulator";
				SUPPORTS_MACCATALYST = YES;
				SUPPORTS_MAC_DESIGNED_FOR_IPHONE_IPAD = NO;
				SWIFT_ACTIVE_COMPILATION_CONDITIONS = "$(inherited)";
				SWIFT_VERSION = 5.0;
				TARGETED_DEVICE_FAMILY = "1,3,4";
				TARGET_NAME = FireboltSwift;
				TVOS_DEPLOYMENT_TARGET = 13.0;
				WATCHOS_DEPLOYMENT_TARGET = 6.0;
			};
			name = Release;
		};
		OBJ_62 /* Debug */ = {
			isa = XCBuildConfiguration;
			buildSettings = {
				DRIVERKIT_DEPLOYMENT_TARGET = 21.0;
				IPHONEOS_DEPLOYMENT_TARGET = 13.0;
				LD = /usr/bin/true;
				MACOSX_DEPLOYMENT_TARGET = 10.13;
				OTHER_SWIFT_FLAGS = "-swift-version 5 -I $(TOOLCHAIN_DIR)/usr/lib/swift/pm/ManifestAPI -sdk /Applications/Xcode.app/Contents/Developer/Platforms/MacOSX.platform/Developer/SDKs/MacOSX12.3.sdk -package-description-version 5.1.0";
				SUPPORTED_PLATFORMS = "appletvos appletvsimulator iphoneos iphonesimulator macosx watchos watchsimulator";
				SUPPORTS_MACCATALYST = YES;
				SUPPORTS_MAC_DESIGNED_FOR_IPHONE_IPAD = NO;
				SWIFT_VERSION = 5.0;
				TARGETED_DEVICE_FAMILY = "1,3,4";
				TVOS_DEPLOYMENT_TARGET = 13.0;
				WATCHOS_DEPLOYMENT_TARGET = 6.0;
			};
			name = Debug;
		};
		OBJ_63 /* Release */ = {
			isa = XCBuildConfiguration;
			buildSettings = {
				DRIVERKIT_DEPLOYMENT_TARGET = 21.0;
				IPHONEOS_DEPLOYMENT_TARGET = 13.0;
				LD = /usr/bin/true;
				MACOSX_DEPLOYMENT_TARGET = 10.13;
				OTHER_SWIFT_FLAGS = "-swift-version 5 -I $(TOOLCHAIN_DIR)/usr/lib/swift/pm/ManifestAPI -sdk /Applications/Xcode.app/Contents/Developer/Platforms/MacOSX.platform/Developer/SDKs/MacOSX12.3.sdk -package-description-version 5.1.0";
				SUPPORTED_PLATFORMS = "appletvos appletvsimulator iphoneos iphonesimulator macosx watchos watchsimulator";
				SUPPORTS_MACCATALYST = YES;
				SUPPORTS_MAC_DESIGNED_FOR_IPHONE_IPAD = NO;
				SWIFT_VERSION = 5.0;
				TARGETED_DEVICE_FAMILY = "1,3,4";
				TVOS_DEPLOYMENT_TARGET = 13.0;
				WATCHOS_DEPLOYMENT_TARGET = 6.0;
			};
			name = Release;
		};
		OBJ_68 /* Debug */ = {
			isa = XCBuildConfiguration;
			buildSettings = {
			};
			name = Debug;
		};
		OBJ_69 /* Release */ = {
			isa = XCBuildConfiguration;
			buildSettings = {
			};
			name = Release;
		};
		OBJ_73 /* Debug */ = {
			isa = XCBuildConfiguration;
			buildSettings = {
				CLANG_ENABLE_MODULES = YES;
				CURRENT_PROJECT_VERSION = 1;
				DRIVERKIT_DEPLOYMENT_TARGET = 19.0;
				EMBEDDED_CONTENT_CONTAINS_SWIFT = YES;
				FRAMEWORK_SEARCH_PATHS = (
					"$(inherited)",
					"$(PLATFORM_DIR)/Developer/Library/Frameworks",
				);
				HEADER_SEARCH_PATHS = "$(inherited)";
				INFOPLIST_FILE = FireboltSwift.xcodeproj/FireboltTests_Info.plist;
				IPHONEOS_DEPLOYMENT_TARGET = 14.0;
				LD_RUNPATH_SEARCH_PATHS = "$(inherited) @loader_path/../Frameworks @loader_path/Frameworks";
				MACOSX_DEPLOYMENT_TARGET = 11.0;
				OTHER_CFLAGS = "$(inherited)";
				OTHER_LDFLAGS = "$(inherited)";
				OTHER_SWIFT_FLAGS = "$(inherited)";
				SWIFT_ACTIVE_COMPILATION_CONDITIONS = "$(inherited)";
				SWIFT_VERSION = 5.0;
				TARGET_NAME = FireboltTests;
				TVOS_DEPLOYMENT_TARGET = 14.0;
				WATCHOS_DEPLOYMENT_TARGET = 7.0;
			};
			name = Debug;
		};
		OBJ_74 /* Release */ = {
			isa = XCBuildConfiguration;
			buildSettings = {
				CLANG_ENABLE_MODULES = YES;
				CURRENT_PROJECT_VERSION = 1;
				DRIVERKIT_DEPLOYMENT_TARGET = 19.0;
				EMBEDDED_CONTENT_CONTAINS_SWIFT = YES;
				FRAMEWORK_SEARCH_PATHS = (
					"$(inherited)",
					"$(PLATFORM_DIR)/Developer/Library/Frameworks",
				);
				HEADER_SEARCH_PATHS = "$(inherited)";
				INFOPLIST_FILE = FireboltSwift.xcodeproj/FireboltTests_Info.plist;
				IPHONEOS_DEPLOYMENT_TARGET = 14.0;
				LD_RUNPATH_SEARCH_PATHS = "$(inherited) @loader_path/../Frameworks @loader_path/Frameworks";
				MACOSX_DEPLOYMENT_TARGET = 11.0;
				OTHER_CFLAGS = "$(inherited)";
				OTHER_LDFLAGS = "$(inherited)";
				OTHER_SWIFT_FLAGS = "$(inherited)";
				SWIFT_ACTIVE_COMPILATION_CONDITIONS = "$(inherited)";
				SWIFT_VERSION = 5.0;
				TARGET_NAME = FireboltTests;
				TVOS_DEPLOYMENT_TARGET = 14.0;
				WATCHOS_DEPLOYMENT_TARGET = 7.0;
			};
			name = Release;
		};
/* End XCBuildConfiguration section */

/* Begin XCConfigurationList section */
		OBJ_2 /* Build configuration list for PBXProject "FireboltSwift" */ = {
			isa = XCConfigurationList;
			buildConfigurations = (
				OBJ_3 /* Debug */,
				OBJ_4 /* Release */,
			);
			defaultConfigurationIsVisible = 0;
			defaultConfigurationName = Release;
		};
		OBJ_39 /* Build configuration list for PBXNativeTarget "FireboltSwift" */ = {
			isa = XCConfigurationList;
			buildConfigurations = (
				OBJ_40 /* Debug */,
				OBJ_41 /* Release */,
			);
			defaultConfigurationIsVisible = 0;
			defaultConfigurationName = Release;
		};
		OBJ_61 /* Build configuration list for PBXNativeTarget "FireboltSwiftPackageDescription" */ = {
			isa = XCConfigurationList;
			buildConfigurations = (
				OBJ_62 /* Debug */,
				OBJ_63 /* Release */,
			);
			defaultConfigurationIsVisible = 0;
			defaultConfigurationName = Release;
		};
		OBJ_67 /* Build configuration list for PBXAggregateTarget "FireboltSwiftPackageTests" */ = {
			isa = XCConfigurationList;
			buildConfigurations = (
				OBJ_68 /* Debug */,
				OBJ_69 /* Release */,
			);
			defaultConfigurationIsVisible = 0;
			defaultConfigurationName = Release;
		};
		OBJ_72 /* Build configuration list for PBXNativeTarget "FireboltTests" */ = {
			isa = XCConfigurationList;
			buildConfigurations = (
				OBJ_73 /* Debug */,
				OBJ_74 /* Release */,
			);
			defaultConfigurationIsVisible = 0;
			defaultConfigurationName = Release;
		};
/* End XCConfigurationList section */
	};
	rootObject = OBJ_1 /* Project object */;
}
